
Microsoft Visual Studio Solution File, Format Version 12.00
# Visual Studio Version 17
VisualStudioVersion = 17.6.33829.357
MinimumVisualStudioVersion = 10.0.40219.1
Project("{FAE04EC0-301F-11D3-BF4B-00C04F79EFBC}") = "bai10.1", "bai10.1.csproj", "{1845B779-B0F1-40CF-9DD3-9192E7B6A44F}"
EndProject
Global
	GlobalSection(SolutionConfigurationPlatforms) = preSolution
		Debug|Any CPU = Debug|Any CPU
		Release|Any CPU = Release|Any CPU
	EndGlobalSection
	GlobalSection(ProjectConfigurationPlatforms) = postSolution
		{1845B779-B0F1-40CF-9DD3-9192E7B6A44F}.Debug|Any CPU.ActiveCfg = Debug|Any CPU
		{1845B779-B0F1-40CF-9DD3-9192E7B6A44F}.Debug|Any CPU.Build.0 = Debug|Any CPU
		{1845B779-B0F1-40CF-9DD3-9192E7B6A44F}.Release|Any CPU.ActiveCfg = Release|Any CPU
		{1845B779-B0F1-40CF-9DD3-9192E7B6A44F}.Release|Any CPU.Build.0 = Release|Any CPU
	EndGlobalSection
	GlobalSection(SolutionProperties) = preSolution
		HideSolutionNode = FALSE
	EndGlobalSection
	GlobalSection(ExtensibilityGlobals) = postSolution
		SolutionGuid = {746AAA40-2532-4FD9-8FFC-46F9DED511DA}
	EndGlobalSection
EndGlobal
